
Microsoft Visual Studio Solution File, Format Version 12.00
# Visual Studio Version 16
VisualStudioVersion = 25.0.1704.4
MinimumVisualStudioVersion = 10.0.40219.1
Project("{FAE04EC0-301F-11D3-BF4B-00C04F79EFBC}") = "BlazorProblem.Server", "BlazorProblem\Server\BlazorProblem.Server.csproj", "{B2196E05-6E70-457F-A529-19F1CBE3FE76}"
EndProject
Project("{FAE04EC0-301F-11D3-BF4B-00C04F79EFBC}") = "BlazorProblem.Client", "BlazorProblem\Client\BlazorProblem.Client.csproj", "{ACE101CC-6F71-439D-B5E0-CDA6C3E8D8F6}"
EndProject
Project("{FAE04EC0-301F-11D3-BF4B-00C04F79EFBC}") = "BlazorProblem.Shared", "BlazorProblem\Shared\BlazorProblem.Shared.csproj", "{ED3D309D-48C5-4E1E-9AB5-B9CBF8F36B0F}"
EndProject
Global
	GlobalSection(SolutionConfigurationPlatforms) = preSolution
		Debug|Any CPU = Debug|Any CPU
		Release|Any CPU = Release|Any CPU
	EndGlobalSection
	GlobalSection(ProjectConfigurationPlatforms) = postSolution
		{B2196E05-6E70-457F-A529-19F1CBE3FE76}.Debug|Any CPU.ActiveCfg = Debug|Any CPU
		{B2196E05-6E70-457F-A529-19F1CBE3FE76}.Debug|Any CPU.Build.0 = Debug|Any CPU
		{B2196E05-6E70-457F-A529-19F1CBE3FE76}.Release|Any CPU.ActiveCfg = Release|Any CPU
		{B2196E05-6E70-457F-A529-19F1CBE3FE76}.Release|Any CPU.Build.0 = Release|Any CPU
		{ACE101CC-6F71-439D-B5E0-CDA6C3E8D8F6}.Debug|Any CPU.ActiveCfg = Debug|Any CPU
		{ACE101CC-6F71-439D-B5E0-CDA6C3E8D8F6}.Debug|Any CPU.Build.0 = Debug|Any CPU
		{ACE101CC-6F71-439D-B5E0-CDA6C3E8D8F6}.Release|Any CPU.ActiveCfg = Release|Any CPU
		{ACE101CC-6F71-439D-B5E0-CDA6C3E8D8F6}.Release|Any CPU.Build.0 = Release|Any CPU
		{ED3D309D-48C5-4E1E-9AB5-B9CBF8F36B0F}.Debug|Any CPU.ActiveCfg = Debug|Any CPU
		{ED3D309D-48C5-4E1E-9AB5-B9CBF8F36B0F}.Debug|Any CPU.Build.0 = Debug|Any CPU
		{ED3D309D-48C5-4E1E-9AB5-B9CBF8F36B0F}.Release|Any CPU.ActiveCfg = Release|Any CPU
		{ED3D309D-48C5-4E1E-9AB5-B9CBF8F36B0F}.Release|Any CPU.Build.0 = Release|Any CPU
	EndGlobalSection
	GlobalSection(SolutionProperties) = preSolution
		HideSolutionNode = FALSE
	EndGlobalSection
	GlobalSection(ExtensibilityGlobals) = postSolution
		SolutionGuid = {DD4F027D-BEA4-405D-92F9-B46EBED6F242}
	EndGlobalSection
EndGlobal
